
Microsoft Visual Studio Solution File, Format Version 12.00
# Visual Studio Version 17
VisualStudioVersion = 17.14.36203.30 d17.14
MinimumVisualStudioVersion = 10.0.40219.1
Project("{FAE04EC0-301F-11D3-BF4B-00C04F79EFBC}") = "Api_Livros", "Api_Livros\Api_Livros.csproj", "{3E324D19-5F11-4751-9153-417A86CDA63A}"
EndProject
Global
	GlobalSection(SolutionConfigurationPlatforms) = preSolution
		Debug|Any CPU = Debug|Any CPU
		Release|Any CPU = Release|Any CPU
	EndGlobalSection
	GlobalSection(ProjectConfigurationPlatforms) = postSolution
		{3E324D19-5F11-4751-9153-417A86CDA63A}.Debug|Any CPU.ActiveCfg = Debug|Any CPU
		{3E324D19-5F11-4751-9153-417A86CDA63A}.Debug|Any CPU.Build.0 = Debug|Any CPU
		{3E324D19-5F11-4751-9153-417A86CDA63A}.Release|Any CPU.ActiveCfg = Release|Any CPU
		{3E324D19-5F11-4751-9153-417A86CDA63A}.Release|Any CPU.Build.0 = Release|Any CPU
	EndGlobalSection
	GlobalSection(SolutionProperties) = preSolution
		HideSolutionNode = FALSE
	EndGlobalSection
	GlobalSection(ExtensibilityGlobals) = postSolution
		SolutionGuid = {54D41312-E648-4F8F-8D25-0E6C7214D276}
	EndGlobalSection
EndGlobal
